# This file is automatically @generated by Cargo.
# It is not intended for manual editing.
[[package]]
name = "whistle_cli"
version = "0.1.0"
dependencies = [
 "whistle_core 0.1.0",
 "whistle_vm 0.1.0",
]

[[package]]
name = "whistle_core"
version = "0.1.0"

[[package]]
name = "whistle_vm"
version = "0.1.0"

